
Microsoft Visual Studio Solution File, Format Version 12.00
# Visual Studio Version 16
VisualStudioVersion = 16.0.30413.136
MinimumVisualStudioVersion = 10.0.40219.1
Project("{FAE04EC0-301F-11D3-BF4B-00C04F79EFBC}") = "A5_Volodymyr", "A5_Volodymyr\A5_Volodymyr.csproj", "{9FF8B4C9-B37F-4924-AD69-CE41A63C6556}"
EndProject
Global
	GlobalSection(SolutionConfigurationPlatforms) = preSolution
		Debug|Any CPU = Debug|Any CPU
		Release|Any CPU = Release|Any CPU
	EndGlobalSection
	GlobalSection(ProjectConfigurationPlatforms) = postSolution
		{9FF8B4C9-B37F-4924-AD69-CE41A63C6556}.Debug|Any CPU.ActiveCfg = Debug|Any CPU
		{9FF8B4C9-B37F-4924-AD69-CE41A63C6556}.Debug|Any CPU.Build.0 = Debug|Any CPU
		{9FF8B4C9-B37F-4924-AD69-CE41A63C6556}.Release|Any CPU.ActiveCfg = Release|Any CPU
		{9FF8B4C9-B37F-4924-AD69-CE41A63C6556}.Release|Any CPU.Build.0 = Release|Any CPU
	EndGlobalSection
	GlobalSection(SolutionProperties) = preSolution
		HideSolutionNode = FALSE
	EndGlobalSection
	GlobalSection(ExtensibilityGlobals) = postSolution
		SolutionGuid = {EE0694F1-77C7-4DB6-B314-9814F361DCF0}
	EndGlobalSection
EndGlobal
